
Microsoft Visual Studio Solution File, Format Version 12.00
# Visual Studio Version 17
VisualStudioVersion = 17.0.31903.59
MinimumVisualStudioVersion = 10.0.40219.1
Project("{FAE04EC0-301F-11D3-BF4B-00C04F79EFBC}") = "Tasks.API", "Tasks.API\Tasks.API.csproj", "{C26E224B-B293-4A06-BAF3-699FAFFE0074}"
EndProject
Project("{FAE04EC0-301F-11D3-BF4B-00C04F79EFBC}") = "Tasks.Application", "Tasks.Application\Tasks.Application.csproj", "{048789FB-7EFC-4560-9C21-C85D02F8D412}"
EndProject
Project("{FAE04EC0-301F-11D3-BF4B-00C04F79EFBC}") = "Tasks.Domain", "Tasks.Domain\Tasks.Domain.csproj", "{2BF97C23-4775-4772-B295-3CD3B95BDB66}"
EndProject
Project("{FAE04EC0-301F-11D3-BF4B-00C04F79EFBC}") = "Tasks.Infrastructure", "Tasks.Infrastructure\Tasks.Infrastructure.csproj", "{EEB45127-B6CD-4163-BF2F-9BDBF5CBACCC}"
EndProject
Global
	GlobalSection(SolutionConfigurationPlatforms) = preSolution
		Debug|Any CPU = Debug|Any CPU
		Debug|x64 = Debug|x64
		Debug|x86 = Debug|x86
		Release|Any CPU = Release|Any CPU
		Release|x64 = Release|x64
		Release|x86 = Release|x86
	EndGlobalSection
	GlobalSection(ProjectConfigurationPlatforms) = postSolution
		{C26E224B-B293-4A06-BAF3-699FAFFE0074}.Debug|Any CPU.ActiveCfg = Debug|Any CPU
		{C26E224B-B293-4A06-BAF3-699FAFFE0074}.Debug|Any CPU.Build.0 = Debug|Any CPU
		{C26E224B-B293-4A06-BAF3-699FAFFE0074}.Debug|x64.ActiveCfg = Debug|Any CPU
		{C26E224B-B293-4A06-BAF3-699FAFFE0074}.Debug|x64.Build.0 = Debug|Any CPU
		{C26E224B-B293-4A06-BAF3-699FAFFE0074}.Debug|x86.ActiveCfg = Debug|Any CPU
		{C26E224B-B293-4A06-BAF3-699FAFFE0074}.Debug|x86.Build.0 = Debug|Any CPU
		{C26E224B-B293-4A06-BAF3-699FAFFE0074}.Release|Any CPU.ActiveCfg = Release|Any CPU
		{C26E224B-B293-4A06-BAF3-699FAFFE0074}.Release|Any CPU.Build.0 = Release|Any CPU
		{C26E224B-B293-4A06-BAF3-699FAFFE0074}.Release|x64.ActiveCfg = Release|Any CPU
		{C26E224B-B293-4A06-BAF3-699FAFFE0074}.Release|x64.Build.0 = Release|Any CPU
		{C26E224B-B293-4A06-BAF3-699FAFFE0074}.Release|x86.ActiveCfg = Release|Any CPU
		{C26E224B-B293-4A06-BAF3-699FAFFE0074}.Release|x86.Build.0 = Release|Any CPU
		{048789FB-7EFC-4560-9C21-C85D02F8D412}.Debug|Any CPU.ActiveCfg = Debug|Any CPU
		{048789FB-7EFC-4560-9C21-C85D02F8D412}.Debug|Any CPU.Build.0 = Debug|Any CPU
		{048789FB-7EFC-4560-9C21-C85D02F8D412}.Debug|x64.ActiveCfg = Debug|Any CPU
		{048789FB-7EFC-4560-9C21-C85D02F8D412}.Debug|x64.Build.0 = Debug|Any CPU
		{048789FB-7EFC-4560-9C21-C85D02F8D412}.Debug|x86.ActiveCfg = Debug|Any CPU
		{048789FB-7EFC-4560-9C21-C85D02F8D412}.Debug|x86.Build.0 = Debug|Any CPU
		{048789FB-7EFC-4560-9C21-C85D02F8D412}.Release|Any CPU.ActiveCfg = Release|Any CPU
		{048789FB-7EFC-4560-9C21-C85D02F8D412}.Release|Any CPU.Build.0 = Release|Any CPU
		{048789FB-7EFC-4560-9C21-C85D02F8D412}.Release|x64.ActiveCfg = Release|Any CPU
		{048789FB-7EFC-4560-9C21-C85D02F8D412}.Release|x64.Build.0 = Release|Any CPU
		{048789FB-7EFC-4560-9C21-C85D02F8D412}.Release|x86.ActiveCfg = Release|Any CPU
		{048789FB-7EFC-4560-9C21-C85D02F8D412}.Release|x86.Build.0 = Release|Any CPU
		{2BF97C23-4775-4772-B295-3CD3B95BDB66}.Debug|Any CPU.ActiveCfg = Debug|Any CPU
		{2BF97C23-4775-4772-B295-3CD3B95BDB66}.Debug|Any CPU.Build.0 = Debug|Any CPU
		{2BF97C23-4775-4772-B295-3CD3B95BDB66}.Debug|x64.ActiveCfg = Debug|Any CPU
		{2BF97C23-4775-4772-B295-3CD3B95BDB66}.Debug|x64.Build.0 = Debug|Any CPU
		{2BF97C23-4775-4772-B295-3CD3B95BDB66}.Debug|x86.ActiveCfg = Debug|Any CPU
		{2BF97C23-4775-4772-B295-3CD3B95BDB66}.Debug|x86.Build.0 = Debug|Any CPU
		{2BF97C23-4775-4772-B295-3CD3B95BDB66}.Release|Any CPU.ActiveCfg = Release|Any CPU
		{2BF97C23-4775-4772-B295-3CD3B95BDB66}.Release|Any CPU.Build.0 = Release|Any CPU
		{2BF97C23-4775-4772-B295-3CD3B95BDB66}.Release|x64.ActiveCfg = Release|Any CPU
		{2BF97C23-4775-4772-B295-3CD3B95BDB66}.Release|x64.Build.0 = Release|Any CPU
		{2BF97C23-4775-4772-B295-3CD3B95BDB66}.Release|x86.ActiveCfg = Release|Any CPU
		{2BF97C23-4775-4772-B295-3CD3B95BDB66}.Release|x86.Build.0 = Release|Any CPU
		{EEB45127-B6CD-4163-BF2F-9BDBF5CBACCC}.Debug|Any CPU.ActiveCfg = Debug|Any CPU
		{EEB45127-B6CD-4163-BF2F-9BDBF5CBACCC}.Debug|Any CPU.Build.0 = Debug|Any CPU
		{EEB45127-B6CD-4163-BF2F-9BDBF5CBACCC}.Debug|x64.ActiveCfg = Debug|Any CPU
		{EEB45127-B6CD-4163-BF2F-9BDBF5CBACCC}.Debug|x64.Build.0 = Debug|Any CPU
		{EEB45127-B6CD-4163-BF2F-9BDBF5CBACCC}.Debug|x86.ActiveCfg = Debug|Any CPU
		{EEB45127-B6CD-4163-BF2F-9BDBF5CBACCC}.Debug|x86.Build.0 = Debug|Any CPU
		{EEB45127-B6CD-4163-BF2F-9BDBF5CBACCC}.Release|Any CPU.ActiveCfg = Release|Any CPU
		{EEB45127-B6CD-4163-BF2F-9BDBF5CBACCC}.Release|Any CPU.Build.0 = Release|Any CPU
		{EEB45127-B6CD-4163-BF2F-9BDBF5CBACCC}.Release|x64.ActiveCfg = Release|Any CPU
		{EEB45127-B6CD-4163-BF2F-9BDBF5CBACCC}.Release|x64.Build.0 = Release|Any CPU
		{EEB45127-B6CD-4163-BF2F-9BDBF5CBACCC}.Release|x86.ActiveCfg = Release|Any CPU
		{EEB45127-B6CD-4163-BF2F-9BDBF5CBACCC}.Release|x86.Build.0 = Release|Any CPU
	EndGlobalSection
	GlobalSection(SolutionProperties) = preSolution
		HideSolutionNode = FALSE
	EndGlobalSection
EndGlobal
